
Microsoft Visual Studio Solution File, Format Version 12.00
Project("{FAE04EC0-301F-11D3-BF4B-00C04F79EFBC}") = "DCCPanelController", "DCCPanelController\DCCPanelController.csproj", "{E1D9373F-6622-41EE-9617-ED6921FC73E3}"
EndProject
Project("{FAE04EC0-301F-11D3-BF4B-00C04F79EFBC}") = "DCCWithrottleClient", "DCCWithrottleClient\DCCWithrottleClient.csproj", "{B99D6A00-D3CA-4707-9662-48840ABE10A8}"
EndProject
Project("{FAE04EC0-301F-11D3-BF4B-00C04F79EFBC}") = "DCCWithrottleClient.Tests", "DCCWithrottleClient.Tests\DCCWithrottleClient.Tests.csproj", "{2F9022A3-B795-4F17-B974-35163D06B116}"
EndProject
Global
	GlobalSection(SolutionConfigurationPlatforms) = preSolution
		Debug|Any CPU = Debug|Any CPU
		Release|Any CPU = Release|Any CPU
	EndGlobalSection
	GlobalSection(ProjectConfigurationPlatforms) = postSolution
		{E1D9373F-6622-41EE-9617-ED6921FC73E3}.Debug|Any CPU.ActiveCfg = Debug|Any CPU
		{E1D9373F-6622-41EE-9617-ED6921FC73E3}.Debug|Any CPU.Build.0 = Debug|Any CPU
		{E1D9373F-6622-41EE-9617-ED6921FC73E3}.Release|Any CPU.ActiveCfg = Release|Any CPU
		{E1D9373F-6622-41EE-9617-ED6921FC73E3}.Release|Any CPU.Build.0 = Release|Any CPU
		{B99D6A00-D3CA-4707-9662-48840ABE10A8}.Debug|Any CPU.ActiveCfg = Debug|Any CPU
		{B99D6A00-D3CA-4707-9662-48840ABE10A8}.Debug|Any CPU.Build.0 = Debug|Any CPU
		{B99D6A00-D3CA-4707-9662-48840ABE10A8}.Release|Any CPU.ActiveCfg = Release|Any CPU
		{B99D6A00-D3CA-4707-9662-48840ABE10A8}.Release|Any CPU.Build.0 = Release|Any CPU
		{2F9022A3-B795-4F17-B974-35163D06B116}.Debug|Any CPU.ActiveCfg = Debug|Any CPU
		{2F9022A3-B795-4F17-B974-35163D06B116}.Debug|Any CPU.Build.0 = Debug|Any CPU
		{2F9022A3-B795-4F17-B974-35163D06B116}.Release|Any CPU.ActiveCfg = Release|Any CPU
		{2F9022A3-B795-4F17-B974-35163D06B116}.Release|Any CPU.Build.0 = Release|Any CPU
	EndGlobalSection
EndGlobal
